{
  "lockfile_version": "1",
  "packages": {
    "rustfmt@1.95.0": {
      "last_modified": "2026-05-21T08:15:18Z",
      "resolved": "github:NixOS/nixpkgs/4a29d733e8a7d5b824c3d8c958a946a9867b3eb2#rustfmt",
      "source": "devbox-search",
      "version": "1.95.0",
      "systems": {
        "aarch64-darwin": {
          "outputs": [
            {
              "name": "out",
              "path": "/nix/store/mpb5lx4grh44xg95mim3f2sbarwl13hv-rustfmt-1.95.0",
              "default": true
            }
          ],
          "store_path": "/nix/store/mpb5lx4grh44xg95mim3f2sbarwl13hv-rustfmt-1.95.0"
        },
        "aarch64-linux": {
          "outputs": [
            {
              "name": "out",
              "path": "/nix/store/lyppkpp50famfpbbmmravahq85rjbz48-rustfmt-1.95.0",
              "default": true
            }
          ],
          "store_path": "/nix/store/lyppkpp50famfpbbmmravahq85rjbz48-rustfmt-1.95.0"
        },
        "x86_64-darwin": {
          "outputs": [
            {
              "name": "out",
              "path": "/nix/store/3w8bdmiz9xjr7yyggvpkf60pg8rm8km3-rustfmt-1.95.0",
              "default": true
            }
          ],
          "store_path": "/nix/store/3w8bdmiz9xjr7yyggvpkf60pg8rm8km3-rustfmt-1.95.0"
        },
        "x86_64-linux": {
          "outputs": [
            {
              "name": "out",
              "path": "/nix/store/1x0ba5x31jqzhhk02qz4lxkznmp6q3nl-rustfmt-1.95.0",
              "default": true
            }
          ],
          "store_path": "/nix/store/1x0ba5x31jqzhhk02qz4lxkznmp6q3nl-rustfmt-1.95.0"
        }
      }
    }
  }
}
